
Microsoft Visual Studio Solution File, Format Version 12.00
# Visual Studio 15
VisualStudioVersion = 15.0.28307.1062
MinimumVisualStudioVersion = 10.0.40219.1
Project("{FAE04EC0-301F-11D3-BF4B-00C04F79EFBC}") = "YetkiliServisOtomasyonu", "YetkiliServisOtomasyonu\YetkiliServisOtomasyonu.csproj", "{022E07E1-8B74-4007-919A-7A32263E7E25}"
EndProject
Global
	GlobalSection(SolutionConfigurationPlatforms) = preSolution
		Debug|Any CPU = Debug|Any CPU
		Release|Any CPU = Release|Any CPU
	EndGlobalSection
	GlobalSection(ProjectConfigurationPlatforms) = postSolution
		{022E07E1-8B74-4007-919A-7A32263E7E25}.Debug|Any CPU.ActiveCfg = Debug|Any CPU
		{022E07E1-8B74-4007-919A-7A32263E7E25}.Debug|Any CPU.Build.0 = Debug|Any CPU
		{022E07E1-8B74-4007-919A-7A32263E7E25}.Release|Any CPU.ActiveCfg = Release|Any CPU
		{022E07E1-8B74-4007-919A-7A32263E7E25}.Release|Any CPU.Build.0 = Release|Any CPU
	EndGlobalSection
	GlobalSection(SolutionProperties) = preSolution
		HideSolutionNode = FALSE
	EndGlobalSection
	GlobalSection(ExtensibilityGlobals) = postSolution
		SolutionGuid = {36423B55-E471-4494-9B2B-E5E8F17C87A9}
	EndGlobalSection
EndGlobal
